// !$*UTF8*$!
{
	archiveVersion = 1;
	classes = {
	};
	objectVersion = 54;
	objects = {

/* Begin PBXBuildFile section */
		191804081EB67FC9007753C4 /* Assets.xcassets in Resources */ = {isa = PBXBuildFile; fileRef = 191804071EB67FC9007753C4 /* Assets.xcassets */; };
		1918040B1EB67FC9007753C4 /* LaunchScreen.storyboard in Resources */ = {isa = PBXBuildFile; fileRef = 191804091EB67FC9007753C4 /* LaunchScreen.storyboard */; };
		191804161EB6819F007753C4 /* Specs.swift in Sources */ = {isa = PBXBuildFile; fileRef = 191804151EB6819F007753C4 /* Specs.swift */; };
		191804201EB693D3007753C4 /* FBMeUser.swift in Sources */ = {isa = PBXBuildFile; fileRef = 1918041F1EB693D3007753C4 /* FBMeUser.swift */; };
		4A8EA4CD2DB924250069BD9B /* LaunchScreen.storyboard in Resources */ = {isa = PBXBuildFile; fileRef = 4A8EA4C92DB924250069BD9B /* LaunchScreen.storyboard */; };
		4A8EA4CE2DB924250069BD9B /* ContentView.swift in Sources */ = {isa = PBXBuildFile; fileRef = 4A8EA4CB2DB924250069BD9B /* ContentView.swift */; };
		4A8EA4CF2DB924250069BD9B /* FacebookMeApp.swift in Sources */ = {isa = PBXBuildFile; fileRef = 4A8EA4CC2DB924250069BD9B /* FacebookMeApp.swift */; };
/* End PBXBuildFile section */

/* Begin PBXFileReference section */
		191803FD1EB67FC9007753C4 /* FacebookMe.app */ = {isa = PBXFileReference; explicitFileType = wrapper.application; includeInIndex = 0; path = FacebookMe.app; sourceTree = BUILT_PRODUCTS_DIR; };
		191804071EB67FC9007753C4 /* Assets.xcassets */ = {isa = PBXFileReference; lastKnownFileType = folder.assetcatalog; path = Assets.xcassets; sourceTree = "<group>"; };
		1918040A1EB67FC9007753C4 /* Base */ = {isa = PBXFileReference; lastKnownFileType = file.storyboard; name = Base; path = Base.lproj/LaunchScreen.storyboard; sourceTree = "<group>"; };
		1918040C1EB67FC9007753C4 /* Info.plist */ = {isa = PBXFileReference; lastKnownFileType = text.plist.xml; path = Info.plist; sourceTree = "<group>"; };
		191804151EB6819F007753C4 /* Specs.swift */ = {isa = PBXFileReference; fileEncoding = 4; lastKnownFileType = sourcecode.swift; path = Specs.swift; sourceTree = "<group>"; };
		1918041F1EB693D3007753C4 /* FBMeUser.swift */ = {isa = PBXFileReference; fileEncoding = 4; lastKnownFileType = sourcecode.swift; path = FBMeUser.swift; sourceTree = "<group>"; };
		4A8EA4C82DB924250069BD9B /* Base */ = {isa = PBXFileReference; lastKnownFileType = file.storyboard; name = Base; path = LaunchScreen.storyboard; sourceTree = "<group>"; };
		4A8EA4CB2DB924250069BD9B /* ContentView.swift */ = {isa = PBXFileReference; lastKnownFileType = sourcecode.swift; path = ContentView.swift; sourceTree = "<group>"; };
		4A8EA4CC2DB924250069BD9B /* FacebookMeApp.swift */ = {isa = PBXFileReference; lastKnownFileType = sourcecode.swift; path = FacebookMeApp.swift; sourceTree = "<group>"; };
/* End PBXFileReference section */

/* Begin PBXFrameworksBuildPhase section */
		191803FA1EB67FC9007753C4 /* Frameworks */ = {
			isa = PBXFrameworksBuildPhase;
			buildActionMask = 2147483647;
			files = (
			);
			runOnlyForDeploymentPostprocessing = 0;
		};
/* End PBXFrameworksBuildPhase section */

/* Begin PBXGroup section */
		191803F41EB67FC9007753C4 = {
			isa = PBXGroup;
			children = (
				191803FF1EB67FC9007753C4 /* FacebookMe */,
				191803FE1EB67FC9007753C4 /* Products */,
			);
			sourceTree = "<group>";
		};
		191803FE1EB67FC9007753C4 /* Products */ = {
			isa = PBXGroup;
			children = (
				191803FD1EB67FC9007753C4 /* FacebookMe.app */,
			);
			name = Products;
			sourceTree = "<group>";
		};
		191803FF1EB67FC9007753C4 /* FacebookMe */ = {
			isa = PBXGroup;
			children = (
				4A8EA4CA2DB924250069BD9B /* Base.lproj */,
				4A8EA4CB2DB924250069BD9B /* ContentView.swift */,
				4A8EA4CC2DB924250069BD9B /* FacebookMeApp.swift */,
				191804171EB681B2007753C4 /* Helper */,
				191804211EB69401007753C4 /* Model */,
				191804091EB67FC9007753C4 /* LaunchScreen.storyboard */,
				1918040C1EB67FC9007753C4 /* Info.plist */,
				191804071EB67FC9007753C4 /* Assets.xcassets */,
			);
			path = FacebookMe;
			sourceTree = "<group>";
		};
		191804171EB681B2007753C4 /* Helper */ = {
			isa = PBXGroup;
			children = (
				191804151EB6819F007753C4 /* Specs.swift */,
			);
			name = Helper;
			sourceTree = "<group>";
		};
		191804211EB69401007753C4 /* Model */ = {
			isa = PBXGroup;
			children = (
				1918041F1EB693D3007753C4 /* FBMeUser.swift */,
			);
			name = Model;
			sourceTree = "<group>";
		};
		4A8EA4CA2DB924250069BD9B /* Base.lproj */ = {
			isa = PBXGroup;
			children = (
				4A8EA4C92DB924250069BD9B /* LaunchScreen.storyboard */,
			);
			path = Base.lproj;
			sourceTree = "<group>";
		};
/* End PBXGroup section */

/* Begin PBXNativeTarget section */
		191803FC1EB67FC9007753C4 /* FacebookMe */ = {
			isa = PBXNativeTarget;
			buildConfigurationList = 1918040F1EB67FC9007753C4 /* Build configuration list for PBXNativeTarget "FacebookMe" */;
			buildPhases = (
				191803F91EB67FC9007753C4 /* Sources */,
				191803FA1EB67FC9007753C4 /* Frameworks */,
				191803FB1EB67FC9007753C4 /* Resources */,
			);
			buildRules = (
			);
			dependencies = (
			);
			name = FacebookMe;
			productName = FacebookMe;
			productReference = 191803FD1EB67FC9007753C4 /* FacebookMe.app */;
			productType = "com.apple.product-type.application";
		};
/* End PBXNativeTarget section */

/* Begin PBXProject section */
		191803F51EB67FC9007753C4 /* Project object */ = {
			isa = PBXProject;
			attributes = {
				BuildIndependentTargetsInParallel = YES;
				LastSwiftUpdateCheck = 0830;
				LastUpgradeCheck = 1630;
				ORGANIZATIONNAME = "Yi Gu";
				TargetAttributes = {
					191803FC1EB67FC9007753C4 = {
						CreatedOnToolsVersion = 8.3.2;
						DevelopmentTeam = 44JDRP3T56;
						LastSwiftMigration = 1020;
						ProvisioningStyle = Automatic;
					};
				};
			};
			buildConfigurationList = 191803F81EB67FC9007753C4 /* Build configuration list for PBXProject "FacebookMe" */;
			compatibilityVersion = "Xcode 3.2";
			developmentRegion = en;
			hasScannedForEncodings = 0;
			knownRegions = (
				en,
				Base,
			);
			mainGroup = 191803F41EB67FC9007753C4;
			productRefGroup = 191803FE1EB67FC9007753C4 /* Products */;
			projectDirPath = "";
			projectRoot = "";
			targets = (
				191803FC1EB67FC9007753C4 /* FacebookMe */,
			);
		};
/* End PBXProject section */

/* Begin PBXResourcesBuildPhase section */
		191803FB1EB67FC9007753C4 /* Resources */ = {
			isa = PBXResourcesBuildPhase;
			buildActionMask = 2147483647;
			files = (
				4A8EA4CD2DB924250069BD9B /* LaunchScreen.storyboard in Resources */,
				1918040B1EB67FC9007753C4 /* LaunchScreen.storyboard in Resources */,
				191804081EB67FC9007753C4 /* Assets.xcassets in Resources */,
			);
			runOnlyForDeploymentPostprocessing = 0;
		};
/* End PBXResourcesBuildPhase section */

/* Begin PBXSourcesBuildPhase section */
		191803F91EB67FC9007753C4 /* Sources */ = {
			isa = PBXSourcesBuildPhase;
			buildActionMask = 2147483647;
			files = (
				4A8EA4CE2DB924250069BD9B /* ContentView.swift in Sources */,
				4A8EA4CF2DB924250069BD9B /* FacebookMeApp.swift in Sources */,
				191804161EB6819F007753C4 /* Specs.swift in Sources */,
				191804201EB693D3007753C4 /* FBMeUser.swift in Sources */,
			);
			runOnlyForDeploymentPostprocessing = 0;
		};
/* End PBXSourcesBuildPhase section */

/* Begin PBXVariantGroup section */
		191804091EB67FC9007753C4 /* LaunchScreen.storyboard */ = {
			isa = PBXVariantGroup;
			children = (
				1918040A1EB67FC9007753C4 /* Base */,
			);
			name = LaunchScreen.storyboard;
			sourceTree = "<group>";
		};
		4A8EA4C92DB924250069BD9B /* LaunchScreen.storyboard */ = {
			isa = PBXVariantGroup;
			children = (
				4A8EA4C82DB924250069BD9B /* Base */,
			);
			name = LaunchScreen.storyboard;
			sourceTree = "<group>";
		};
/* End PBXVariantGroup section */

/* Begin XCBuildConfiguration section */
		1918040D1EB67FC9007753C4 /* Debug */ = {
			isa = XCBuildConfiguration;
			buildSettings = {
				ALWAYS_SEARCH_USER_PATHS = NO;
				CLANG_ANALYZER_NONNULL = YES;
				CLANG_ANALYZER_NUMBER_OBJECT_CONVERSION = YES_AGGRESSIVE;
				CLANG_CXX_LANGUAGE_STANDARD = "gnu++0x";
				CLANG_CXX_LIBRARY = "libc++";
				CLANG_ENABLE_MODULES = YES;
				CLANG_ENABLE_OBJC_ARC = YES;
				CLANG_WARN_BLOCK_CAPTURE_AUTORELEASING = YES;
				CLANG_WARN_BOOL_CONVERSION = YES;
				CLANG_WARN_COMMA = YES;
				CLANG_WARN_CONSTANT_CONVERSION = YES;
				CLANG_WARN_DEPRECATED_OBJC_IMPLEMENTATIONS = YES;
				CLANG_WARN_DIRECT_OBJC_ISA_USAGE = YES_ERROR;
				CLANG_WARN_DOCUMENTATION_COMMENTS = YES;
				CLANG_WARN_EMPTY_BODY = YES;
				CLANG_WARN_ENUM_CONVERSION = YES;
				CLANG_WARN_INFINITE_RECURSION = YES;
				CLANG_WARN_INT_CONVERSION = YES;
				CLANG_WARN_NON_LITERAL_NULL_CONVERSION = YES;
				CLANG_WARN_OBJC_IMPLICIT_RETAIN_SELF = YES;
				CLANG_WARN_OBJC_LITERAL_CONVERSION = YES;
				CLANG_WARN_OBJC_ROOT_CLASS = YES_ERROR;
				CLANG_WARN_QUOTED_INCLUDE_IN_FRAMEWORK_HEADER = YES;
				CLANG_WARN_RANGE_LOOP_ANALYSIS = YES;
				CLANG_WARN_STRICT_PROTOTYPES = YES;
				CLANG_WARN_SUSPICIOUS_MOVE = YES;
				CLANG_WARN_UNREACHABLE_CODE = YES;
				CLANG_WARN__DUPLICATE_METHOD_MATCH = YES;
				"CODE_SIGN_IDENTITY[sdk=iphoneos*]" = "iPhone Developer";
				COPY_PHASE_STRIP = NO;
				DEBUG_INFORMATION_FORMAT = dwarf;
				DEVELOPMENT_TEAM = 44JDRP3T56;
				ENABLE_STRICT_OBJC_MSGSEND = YES;
				ENABLE_TESTABILITY = YES;
				ENABLE_USER_SCRIPT_SANDBOXING = YES;
				GCC_C_LANGUAGE_STANDARD = gnu99;
				GCC_DYNAMIC_NO_PIC = NO;
				GCC_NO_COMMON_BLOCKS = YES;
				GCC_OPTIMIZATION_LEVEL = 0;
				GCC_PREPROCESSOR_DEFINITIONS = (
					"DEBUG=1",
					"$(inherited)",
				);
				GCC_WARN_64_TO_32_BIT_CONVERSION = YES;
				GCC_WARN_ABOUT_RETURN_TYPE = YES_ERROR;
				GCC_WARN_UNDECLARED_SELECTOR = YES;
				GCC_WARN_UNINITIALIZED_AUTOS = YES_AGGRESSIVE;
				GCC_WARN_UNUSED_FUNCTION = YES;
				GCC_WARN_UNUSED_VARIABLE = YES;
				IPHONEOS_DEPLOYMENT_TARGET = 12.0;
				MTL_ENABLE_DEBUG_INFO = YES;
				ONLY_ACTIVE_ARCH = YES;
				SDKROOT = iphoneos;
				SWIFT_ACTIVE_COMPILATION_CONDITIONS = DEBUG;
				SWIFT_OPTIMIZATION_LEVEL = "-Onone";
				TARGETED_DEVICE_FAMILY = "1,2";
			};
			name = Debug;
		};
		1918040E1EB67FC9007753C4 /* Release */ = {
			isa = XCBuildConfiguration;
			buildSettings = {
				ALWAYS_SEARCH_USER_PATHS = NO;
				CLANG_ANALYZER_NONNULL = YES;
				CLANG_ANALYZER_NUMBER_OBJECT_CONVERSION = YES_AGGRESSIVE;
				CLANG_CXX_LANGUAGE_STANDARD = "gnu++0x";
				CLANG_CXX_LIBRARY = "libc++";
				CLANG_ENABLE_MODULES = YES;
				CLANG_ENABLE_OBJC_ARC = YES;
				CLANG_WARN_BLOCK_CAPTURE_AUTORELEASING = YES;
				CLANG_WARN_BOOL_CONVERSION = YES;
				CLANG_WARN_COMMA = YES;
				CLANG_WARN_CONSTANT_CONVERSION = YES;
				CLANG_WARN_DEPRECATED_OBJC_IMPLEMENTATIONS = YES;
				CLANG_WARN_DIRECT_OBJC_ISA_USAGE = YES_ERROR;
				CLANG_WARN_DOCUMENTATION_COMMENTS = YES;
				CLANG_WARN_EMPTY_BODY = YES;
				CLANG_WARN_ENUM_CONVERSION = YES;
				CLANG_WARN_INFINITE_RECURSION = YES;
				CLANG_WARN_INT_CONVERSION = YES;
				CLANG_WARN_NON_LITERAL_NULL_CONVERSION = YES;
				CLANG_WARN_OBJC_IMPLICIT_RETAIN_SELF = YES;
				CLANG_WARN_OBJC_LITERAL_CONVERSION = YES;
				CLANG_WARN_OBJC_ROOT_CLASS = YES_ERROR;
				CLANG_WARN_QUOTED_INCLUDE_IN_FRAMEWORK_HEADER = YES;
				CLANG_WARN_RANGE_LOOP_ANALYSIS = YES;
				CLANG_WARN_STRICT_PROTOTYPES = YES;
				CLANG_WARN_SUSPICIOUS_MOVE = YES;
				CLANG_WARN_UNREACHABLE_CODE = YES;
				CLANG_WARN__DUPLICATE_METHOD_MATCH = YES;
				"CODE_SIGN_IDENTITY[sdk=iphoneos*]" = "iPhone Developer";
				COPY_PHASE_STRIP = NO;
				DEBUG_INFORMATION_FORMAT = "dwarf-with-dsym";
				DEVELOPMENT_TEAM = 44JDRP3T56;
				ENABLE_NS_ASSERTIONS = NO;
				ENABLE_STRICT_OBJC_MSGSEND = YES;
				ENABLE_USER_SCRIPT_SANDBOXING = YES;
				GCC_C_LANGUAGE_STANDARD = gnu99;
				GCC_NO_COMMON_BLOCKS = YES;
				GCC_WARN_64_TO_32_BIT_CONVERSION = YES;
				GCC_WARN_ABOUT_RETURN_TYPE = YES_ERROR;
				GCC_WARN_UNDECLARED_SELECTOR = YES;
				GCC_WARN_UNINITIALIZED_AUTOS = YES_AGGRESSIVE;
				GCC_WARN_UNUSED_FUNCTION = YES;
				GCC_WARN_UNUSED_VARIABLE = YES;
				IPHONEOS_DEPLOYMENT_TARGET = 12.0;
				MTL_ENABLE_DEBUG_INFO = NO;
				SDKROOT = iphoneos;
				SWIFT_COMPILATION_MODE = wholemodule;
				SWIFT_OPTIMIZATION_LEVEL = "-O";
				TARGETED_DEVICE_FAMILY = "1,2";
				VALIDATE_PRODUCT = YES;
			};
			name = Release;
		};
		191804101EB67FC9007753C4 /* Debug */ = {
			isa = XCBuildConfiguration;
			buildSettings = {
				ASSETCATALOG_COMPILER_APPICON_NAME = AppIcon;
				GCC_TREAT_WARNINGS_AS_ERRORS = YES;
				INFOPLIST_FILE = FacebookMe/Info.plist;
				IPHONEOS_DEPLOYMENT_TARGET = 15.6;
				LD_RUNPATH_SEARCH_PATHS = (
					"$(inherited)",
					"@executable_path/Frameworks",
				);
				PRODUCT_BUNDLE_IDENTIFIER = yigu.FacebookMe;
				PRODUCT_NAME = "$(TARGET_NAME)";
				SWIFT_VERSION = 5.0;
			};
			name = Debug;
		};
		191804111EB67FC9007753C4 /* Release */ = {
			isa = XCBuildConfiguration;
			buildSettings = {
				ASSETCATALOG_COMPILER_APPICON_NAME = AppIcon;
				GCC_TREAT_WARNINGS_AS_ERRORS = YES;
				INFOPLIST_FILE = FacebookMe/Info.plist;
				IPHONEOS_DEPLOYMENT_TARGET = 15.6;
				LD_RUNPATH_SEARCH_PATHS = (
					"$(inherited)",
					"@executable_path/Frameworks",
				);
				PRODUCT_BUNDLE_IDENTIFIER = yigu.FacebookMe;
				PRODUCT_NAME = "$(TARGET_NAME)";
				SWIFT_VERSION = 5.0;
			};
			name = Release;
		};
/* End XCBuildConfiguration section */

/* Begin XCConfigurationList section */
		191803F81EB67FC9007753C4 /* Build configuration list for PBXProject "FacebookMe" */ = {
			isa = XCConfigurationList;
			buildConfigurations = (
				1918040D1EB67FC9007753C4 /* Debug */,
				1918040E1EB67FC9007753C4 /* Release */,
			);
			defaultConfigurationIsVisible = 0;
			defaultConfigurationName = Release;
		};
		1918040F1EB67FC9007753C4 /* Build configuration list for PBXNativeTarget "FacebookMe" */ = {
			isa = XCConfigurationList;
			buildConfigurations = (
				191804101EB67FC9007753C4 /* Debug */,
				191804111EB67FC9007753C4 /* Release */,
			);
			defaultConfigurationIsVisible = 0;
			defaultConfigurationName = Release;
		};
/* End XCConfigurationList section */
	};
	rootObject = 191803F51EB67FC9007753C4 /* Project object */;
}
